<Solution>
  <Project Path="DebugConsole/DebugConsole.csproj" Id="786542c0-851b-4bdb-bf53-746614e0b158" />
  <Project Path="TriUgla.ConvexHull/TriUgla.ConvexHull.csproj" Id="f6b8eb32-156a-449c-8a89-e838770828eb" />
  <Project Path="TriUgla.ExactMath/TriUgla.ExactMath.csproj" Id="10ce6477-1117-4230-8064-7d35c3c38e80" />
  <Project Path="TriUgla.Geometry/TriUgla.Geometry.csproj" Id="8c56b089-be61-4881-889d-97cab82d0221" />
  <Project Path="TriUgla.HalfEdge/TriUgla.HalfEdge.csproj" Id="fa90ce9e-cc3e-4e9a-ab8a-dbf321ce752f" />
  <Project Path="TriUgla.Mesher/TriUgla.Mesher.csproj" Id="faac36de-4f94-4702-8f31-5a4207d8dc45" />
  <Project Path="TriUgla.Tests/TriUgla.Tests.csproj" />
</Solution>
